{
  "version": 4,
  "terraform_version": "0.12.16",
  "serial": 172,
  "lineage": "ea868661-69d4-59cd-262a-4669923d1ed4",
  "outputs": {
    "public_dns": {
      "value": [
        "ec2-54-202-35-202.us-west-2.compute.amazonaws.com",
        "ec2-54-187-101-171.us-west-2.compute.amazonaws.com",
        "ec2-54-203-8-78.us-west-2.compute.amazonaws.com"
      ],
      "type": [
        "tuple",
        [
          "string",
          "string",
          "string"
        ]
      ]
    },
    "public_ip": {
      "value": [
        "54.202.35.202",
        "54.187.101.171",
        "54.203.8.78"
      ],
      "type": [
        "tuple",
        [
          "string",
          "string",
          "string"
        ]
      ]
    }
  },
  "resources": [
    {
      "mode": "managed",
      "type": "aws_instance",
      "name": "web",
      "each": "list",
      "provider": "provider.aws",
      "instances": []
    },
    {
      "mode": "managed",
      "type": "aws_security_group",
      "name": "ayushweb",
      "provider": "provider.aws",
      "instances": [
        {
          "schema_version": 1,
          "attributes": {
            "arn": "arn:aws:ec2:us-west-2:415830525771:security-group/sg-0eba253095f52d641",
            "description": "Accept incoming connections.",
            "egress": [
              {
                "cidr_blocks": [
                  "0.0.0.0/0"
                ],
                "description": "",
                "from_port": 0,
                "ipv6_cidr_blocks": [],
                "prefix_list_ids": [],
                "protocol": "-1",
                "security_groups": [],
                "self": false,
                "to_port": 0
              }
            ],
            "id": "sg-0eba253095f52d641",
            "ingress": [
              {
                "cidr_blocks": [
                  "0.0.0.0/0"
                ],
                "description": "",
                "from_port": 22,
                "ipv6_cidr_blocks": [],
                "prefix_list_ids": [],
                "protocol": "tcp",
                "security_groups": [],
                "self": false,
                "to_port": 22
              },
              {
                "cidr_blocks": [
                  "0.0.0.0/0"
                ],
                "description": "",
                "from_port": 80,
                "ipv6_cidr_blocks": [],
                "prefix_list_ids": [],
                "protocol": "tcp",
                "security_groups": [],
                "self": false,
                "to_port": 80
              }
            ],
            "name": "vpc_web",
            "name_prefix": null,
            "owner_id": "415830525771",
            "revoke_rules_on_delete": false,
            "tags": {
              "Name": "WebServerSG"
            },
            "timeouts": null,
            "vpc_id": "vpc-0ee27349b43125df0"
          }
        }
      ]
    },
    {
      "mode": "managed",
      "type": "aws_vpc",
      "name": "AyushVPC",
      "provider": "provider.aws",
      "instances": [
        {
          "schema_version": 1,
          "attributes": {
            "arn": "arn:aws:ec2:us-west-2:415830525771:vpc/vpc-0ee27349b43125df0",
            "assign_generated_ipv6_cidr_block": false,
            "cidr_block": "10.0.0.0/16",
            "default_network_acl_id": "acl-0f7ce3f74a18b600e",
            "default_route_table_id": "rtb-01b70a6f6f1eff7c6",
            "default_security_group_id": "sg-0f3870ddcb92d863a",
            "dhcp_options_id": "dopt-8fdc71eb",
            "enable_classiclink": false,
            "enable_classiclink_dns_support": false,
            "enable_dns_hostnames": true,
            "enable_dns_support": true,
            "id": "vpc-0ee27349b43125df0",
            "instance_tenancy": "default",
            "ipv6_association_id": "",
            "ipv6_cidr_block": "",
            "main_route_table_id": "rtb-01b70a6f6f1eff7c6",
            "owner_id": "415830525771",
            "tags": {
              "Name": "AyushTerraformVPC"
            }
          },
          "private": "eyJzY2hlbWFfdmVyc2lvbiI6IjEifQ=="
        }
      ]
    },
    {
      "module": "module.keypair",
      "mode": "managed",
      "type": "local_file",
      "name": "private_key_pem",
      "each": "list",
      "provider": "provider.local",
      "instances": []
    },
    {
      "module": "module.keypair",
      "mode": "managed",
      "type": "local_file",
      "name": "public_key_openssh",
      "each": "list",
      "provider": "provider.local",
      "instances": []
    },
    {
      "module": "module.keypair",
      "mode": "managed",
      "type": "null_resource",
      "name": "chmod",
      "each": "list",
      "provider": "provider.null",
      "instances": []
    }
  ]
}
